// !$*UTF8*$!
{
	archiveVersion = 1;
	classes = {
	};
	objectVersion = 50;
	objects = {

/* Begin PBXBuildFile section */
		5E7202482596481B0050E871 /* main.cpp in Sources */ = {isa = PBXBuildFile; fileRef = 5E7202472596481B0050E871 /* main.cpp */; };
		5E72024C259648A40050E871 /* SDL2.framework in Frameworks */ = {isa = PBXBuildFile; fileRef = 5E79BCE52594E5B400B79CC3 /* SDL2.framework */; };
		5E72024F259648E50050E871 /* Game.cpp in Sources */ = {isa = PBXBuildFile; fileRef = 5E72024D259648E50050E871 /* Game.cpp */; };
		5E72025225964DE60050E871 /* Actor.cpp in Sources */ = {isa = PBXBuildFile; fileRef = 5E72025025964DE60050E871 /* Actor.cpp */; };
		5E720255259651270050E871 /* Component.cpp in Sources */ = {isa = PBXBuildFile; fileRef = 5E720253259651270050E871 /* Component.cpp */; };
		5E72025B259651880050E871 /* Math.cpp in Sources */ = {isa = PBXBuildFile; fileRef = 5E720259259651880050E871 /* Math.cpp */; };
		5E72025E259654980050E871 /* SpriteComponent.cpp in Sources */ = {isa = PBXBuildFile; fileRef = 5E72025C259654980050E871 /* SpriteComponent.cpp */; };
		5E79BCD52594E38D00B79CC3 /* main.cpp in Sources */ = {isa = PBXBuildFile; fileRef = 5E79BCD42594E38D00B79CC3 /* main.cpp */; };
		5E79BCE02594E46C00B79CC3 /* main.cpp in Sources */ = {isa = PBXBuildFile; fileRef = 5E79BCDF2594E46C00B79CC3 /* main.cpp */; };
		5E79BCE62594E5B400B79CC3 /* SDL2.framework in Frameworks */ = {isa = PBXBuildFile; fileRef = 5E79BCE52594E5B400B79CC3 /* SDL2.framework */; };
		5E79BCE72594E6EF00B79CC3 /* SDL2.framework in Frameworks */ = {isa = PBXBuildFile; fileRef = 5E79BCE52594E5B400B79CC3 /* SDL2.framework */; };
		5EA1877C2594EDD3003153A1 /* Game.cpp in Sources */ = {isa = PBXBuildFile; fileRef = 5E79BCE82594EAFD00B79CC3 /* Game.cpp */; };
		5EA1877F2594EDE1003153A1 /* Game.cpp in Sources */ = {isa = PBXBuildFile; fileRef = 5EA1877D2594EDE1003153A1 /* Game.cpp */; };
		5EA6AF252597957800FC6949 /* Ship01.png in CopyFiles */ = {isa = PBXBuildFile; fileRef = 5EA6AF1F2597956300FC6949 /* Ship01.png */; settings = {ATTRIBUTES = (CodeSignOnCopy, ); }; };
		5EA6AF262597957800FC6949 /* Ship02.png in CopyFiles */ = {isa = PBXBuildFile; fileRef = 5EA6AF202597956300FC6949 /* Ship02.png */; settings = {ATTRIBUTES = (CodeSignOnCopy, ); }; };
		5EA6AF272597957800FC6949 /* Ship03.png in CopyFiles */ = {isa = PBXBuildFile; fileRef = 5EA6AF212597956300FC6949 /* Ship03.png */; settings = {ATTRIBUTES = (CodeSignOnCopy, ); }; };
		5EA6AF282597957800FC6949 /* Ship04.png in CopyFiles */ = {isa = PBXBuildFile; fileRef = 5EA6AF222597956300FC6949 /* Ship04.png */; settings = {ATTRIBUTES = (CodeSignOnCopy, ); }; };
		5EA6AF292597958C00FC6949 /* Farback01.png in CopyFiles */ = {isa = PBXBuildFile; fileRef = 5EA6AF182597956300FC6949 /* Farback01.png */; settings = {ATTRIBUTES = (CodeSignOnCopy, ); }; };
		5EA6AF2A2597958C00FC6949 /* Farback02.png in CopyFiles */ = {isa = PBXBuildFile; fileRef = 5EA6AF192597956300FC6949 /* Farback02.png */; settings = {ATTRIBUTES = (CodeSignOnCopy, ); }; };
		5EA6AF2B2597959A00FC6949 /* Stars.png in CopyFiles */ = {isa = PBXBuildFile; fileRef = 5EA6AF232597956300FC6949 /* Stars.png */; settings = {ATTRIBUTES = (CodeSignOnCopy, ); }; };
		5EA6AF2E2597970800FC6949 /* Ship.cpp in Sources */ = {isa = PBXBuildFile; fileRef = 5EA6AF2C2597970800FC6949 /* Ship.cpp */; };
		5EA6AF4125979B7E00FC6949 /* main.cpp in Sources */ = {isa = PBXBuildFile; fileRef = 5EA6AF4025979B7E00FC6949 /* main.cpp */; };
		5EA6AF4C25979B9900FC6949 /* main.cpp in Sources */ = {isa = PBXBuildFile; fileRef = 5EA6AF4B25979B9900FC6949 /* main.cpp */; };
		5EA6AF6625979D4C00FC6949 /* AnimSpriteComponent.cpp in Sources */ = {isa = PBXBuildFile; fileRef = 5EA6AF5125979D4C00FC6949 /* AnimSpriteComponent.cpp */; };
		5EA6AF6725979D4C00FC6949 /* Component.cpp in Sources */ = {isa = PBXBuildFile; fileRef = 5EA6AF5A25979D4C00FC6949 /* Component.cpp */; };
		5EA6AF6825979D4C00FC6949 /* Game.cpp in Sources */ = {isa = PBXBuildFile; fileRef = 5EA6AF5B25979D4C00FC6949 /* Game.cpp */; };
		5EA6AF6925979D4C00FC6949 /* main.cpp in Sources */ = {isa = PBXBuildFile; fileRef = 5EA6AF5C25979D4C00FC6949 /* main.cpp */; };
		5EA6AF6A25979D4D00FC6949 /* BGSpriteComponent.cpp in Sources */ = {isa = PBXBuildFile; fileRef = 5EA6AF5E25979D4C00FC6949 /* BGSpriteComponent.cpp */; };
		5EA6AF6B25979D4D00FC6949 /* Math.cpp in Sources */ = {isa = PBXBuildFile; fileRef = 5EA6AF5F25979D4C00FC6949 /* Math.cpp */; };
		5EA6AF6C25979D4D00FC6949 /* Ship.cpp in Sources */ = {isa = PBXBuildFile; fileRef = 5EA6AF6025979D4C00FC6949 /* Ship.cpp */; };
		5EA6AF6D25979D4D00FC6949 /* SpriteComponent.cpp in Sources */ = {isa = PBXBuildFile; fileRef = 5EA6AF6225979D4C00FC6949 /* SpriteComponent.cpp */; };
		5EA6AF6E25979D4D00FC6949 /* Actor.cpp in Sources */ = {isa = PBXBuildFile; fileRef = 5EA6AF6425979D4C00FC6949 /* Actor.cpp */; };
		5EA6AF6F25979ED900FC6949 /* Asteroid.png in CopyFiles */ = {isa = PBXBuildFile; fileRef = 5EA6AF5625979D4C00FC6949 /* Asteroid.png */; };
		5EA6AF7025979ED900FC6949 /* Laser.png in CopyFiles */ = {isa = PBXBuildFile; fileRef = 5EA6AF5725979D4C00FC6949 /* Laser.png */; };
		5EA6AF7125979ED900FC6949 /* Ship.png in CopyFiles */ = {isa = PBXBuildFile; fileRef = 5EA6AF5825979D4C00FC6949 /* Ship.png */; };
		5EA6AF7225979ED900FC6949 /* ShipWithThrust.png in CopyFiles */ = {isa = PBXBuildFile; fileRef = 5EA6AF5925979D4C00FC6949 /* ShipWithThrust.png */; };
		5EA6AF7A2597A84400FC6949 /* MoveComponent.cpp in Sources */ = {isa = PBXBuildFile; fileRef = 5EA6AF782597A84400FC6949 /* MoveComponent.cpp */; };
		5EA6AF7D2597AB1100FC6949 /* SDL2_image.framework in Frameworks */ = {isa = PBXBuildFile; fileRef = 5EDB0D0E259786780045CF6F /* SDL2_image.framework */; };
		5EA6AF7E2597AB1100FC6949 /* SDL2_image.framework in Embed Frameworks */ = {isa = PBXBuildFile; fileRef = 5EDB0D0E259786780045CF6F /* SDL2_image.framework */; settings = {ATTRIBUTES = (RemoveHeadersOnCopy, ); }; };
		5EA6AF7F2597AB1100FC6949 /* SDL2.framework in Frameworks */ = {isa = PBXBuildFile; fileRef = 5E79BCE52594E5B400B79CC3 /* SDL2.framework */; };
		5EA6AF802597AB1100FC6949 /* SDL2.framework in Embed Frameworks */ = {isa = PBXBuildFile; fileRef = 5E79BCE52594E5B400B79CC3 /* SDL2.framework */; settings = {ATTRIBUTES = (RemoveHeadersOnCopy, ); }; };
		5EA6AF842597B08400FC6949 /* Asteroid.cpp in Sources */ = {isa = PBXBuildFile; fileRef = 5EA6AF822597B08400FC6949 /* Asteroid.cpp */; };
		5EA6AF872597B2A000FC6949 /* Random.cpp in Sources */ = {isa = PBXBuildFile; fileRef = 5EA6AF852597B2A000FC6949 /* Random.cpp */; };
		5EBBB97525A0377300225DF3 /* Component.cpp in Sources */ = {isa = PBXBuildFile; fileRef = 5EBBB95425A0377100225DF3 /* Component.cpp */; };
		5EBBB97625A0377300225DF3 /* CircleComponent.cpp in Sources */ = {isa = PBXBuildFile; fileRef = 5EBBB95C25A0377100225DF3 /* CircleComponent.cpp */; };
		5EBBB97725A0377300225DF3 /* Laser.cpp in Sources */ = {isa = PBXBuildFile; fileRef = 5EBBB95E25A0377100225DF3 /* Laser.cpp */; };
		5EBBB97825A0377300225DF3 /* Random.cpp in Sources */ = {isa = PBXBuildFile; fileRef = 5EBBB96125A0377200225DF3 /* Random.cpp */; };
		5EBBB97925A0377300225DF3 /* AnimSpriteComponent.cpp in Sources */ = {isa = PBXBuildFile; fileRef = 5EBBB96225A0377200225DF3 /* AnimSpriteComponent.cpp */; };
		5EBBB97A25A0377300225DF3 /* Game.cpp in Sources */ = {isa = PBXBuildFile; fileRef = 5EBBB96425A0377200225DF3 /* Game.cpp */; };
		5EBBB97B25A0377300225DF3 /* Ship.cpp in Sources */ = {isa = PBXBuildFile; fileRef = 5EBBB96525A0377200225DF3 /* Ship.cpp */; };
		5EBBB97C25A0377300225DF3 /* MoveComponent.cpp in Sources */ = {isa = PBXBuildFile; fileRef = 5EBBB96625A0377200225DF3 /* MoveComponent.cpp */; };
		5EBBB97D25A0377300225DF3 /* BGSpriteComponent.cpp in Sources */ = {isa = PBXBuildFile; fileRef = 5EBBB96725A0377200225DF3 /* BGSpriteComponent.cpp */; };
		5EBBB97E25A0377300225DF3 /* Actor.cpp in Sources */ = {isa = PBXBuildFile; fileRef = 5EBBB96825A0377200225DF3 /* Actor.cpp */; };
		5EBBB97F25A0377300225DF3 /* Asteroid.cpp in Sources */ = {isa = PBXBuildFile; fileRef = 5EBBB96E25A0377200225DF3 /* Asteroid.cpp */; };
		5EBBB98025A0377300225DF3 /* SpriteComponent.cpp in Sources */ = {isa = PBXBuildFile; fileRef = 5EBBB97025A0377200225DF3 /* SpriteComponent.cpp */; };
		5EBBB98125A0377300225DF3 /* Math.cpp in Sources */ = {isa = PBXBuildFile; fileRef = 5EBBB97225A0377300225DF3 /* Math.cpp */; };
		5EBBB98225A0377300225DF3 /* InputComponent.cpp in Sources */ = {isa = PBXBuildFile; fileRef = 5EBBB97425A0377300225DF3 /* InputComponent.cpp */; };
		5EBBB98325A037A600225DF3 /* SDL2_image.framework in Frameworks */ = {isa = PBXBuildFile; fileRef = 5EDB0D0E259786780045CF6F /* SDL2_image.framework */; };
		5EBBB98425A037A600225DF3 /* SDL2.framework in Frameworks */ = {isa = PBXBuildFile; fileRef = 5E79BCE52594E5B400B79CC3 /* SDL2.framework */; };
		5EBFFB042598548700A5A7B9 /* InputComponent.cpp in Sources */ = {isa = PBXBuildFile; fileRef = 5EBFFB022598548700A5A7B9 /* InputComponent.cpp */; };
		5EBFFB08259871CE00A5A7B9 /* CircleComponent.cpp in Sources */ = {isa = PBXBuildFile; fileRef = 5EBFFB06259871CE00A5A7B9 /* CircleComponent.cpp */; };
		5EBFFB0B25987CC800A5A7B9 /* Laser.cpp in Sources */ = {isa = PBXBuildFile; fileRef = 5EBFFB0925987CC800A5A7B9 /* Laser.cpp */; };
		5EDB0D1325978A950045CF6F /* SDL2_image.framework in Frameworks */ = {isa = PBXBuildFile; fileRef = 5EDB0D0E259786780045CF6F /* SDL2_image.framework */; };
		5EDB0D1425978A950045CF6F /* SDL2_image.framework in Embed Frameworks */ = {isa = PBXBuildFile; fileRef = 5EDB0D0E259786780045CF6F /* SDL2_image.framework */; settings = {ATTRIBUTES = (RemoveHeadersOnCopy, ); }; };
		5EDB0D1825978FF90045CF6F /* AnimSpriteComponent.cpp in Sources */ = {isa = PBXBuildFile; fileRef = 5EDB0D1625978FF90045CF6F /* AnimSpriteComponent.cpp */; };
		5EDB0D1B2597919B0045CF6F /* BGSpriteComponent.cpp in Sources */ = {isa = PBXBuildFile; fileRef = 5EDB0D192597919B0045CF6F /* BGSpriteComponent.cpp */; };
/* End PBXBuildFile section */

/* Begin PBXCopyFilesBuildPhase section */
		5E7202432596481B0050E871 /* CopyFiles */ = {
			isa = PBXCopyFilesBuildPhase;
			buildActionMask = 12;
			dstPath = Assets;
			dstSubfolderSpec = 16;
			files = (
				5EA6AF2B2597959A00FC6949 /* Stars.png in CopyFiles */,
				5EA6AF292597958C00FC6949 /* Farback01.png in CopyFiles */,
				5EA6AF2A2597958C00FC6949 /* Farback02.png in CopyFiles */,
				5EA6AF252597957800FC6949 /* Ship01.png in CopyFiles */,
				5EA6AF262597957800FC6949 /* Ship02.png in CopyFiles */,
				5EA6AF272597957800FC6949 /* Ship03.png in CopyFiles */,
				5EA6AF282597957800FC6949 /* Ship04.png in CopyFiles */,
			);
			runOnlyForDeploymentPostprocessing = 0;
		};
		5E79BCD02594E38D00B79CC3 /* CopyFiles */ = {
			isa = PBXCopyFilesBuildPhase;
			buildActionMask = 2147483647;
			dstPath = /usr/share/man/man1/;
			dstSubfolderSpec = 0;
			files = (
			);
			runOnlyForDeploymentPostprocessing = 1;
		};
		5E79BCDB2594E46C00B79CC3 /* CopyFiles */ = {
			isa = PBXCopyFilesBuildPhase;
			buildActionMask = 2147483647;
			dstPath = /usr/share/man/man1/;
			dstSubfolderSpec = 0;
			files = (
			);
			runOnlyForDeploymentPostprocessing = 1;
		};
		5EA6AF3125979B5A00FC6949 /* CopyFiles */ = {
			isa = PBXCopyFilesBuildPhase;
			buildActionMask = 12;
			dstPath = Assets;
			dstSubfolderSpec = 16;
			files = (
				5EA6AF6F25979ED900FC6949 /* Asteroid.png in CopyFiles */,
				5EA6AF7025979ED900FC6949 /* Laser.png in CopyFiles */,
				5EA6AF7125979ED900FC6949 /* Ship.png in CopyFiles */,
				5EA6AF7225979ED900FC6949 /* ShipWithThrust.png in CopyFiles */,
			);
			runOnlyForDeploymentPostprocessing = 0;
		};
		5EA6AF3C25979B7E00FC6949 /* CopyFiles */ = {
			isa = PBXCopyFilesBuildPhase;
			buildActionMask = 2147483647;
			dstPath = /usr/share/man/man1/;
			dstSubfolderSpec = 0;
			files = (
			);
			runOnlyForDeploymentPostprocessing = 1;
		};
		5EA6AF4725979B9900FC6949 /* CopyFiles */ = {
			isa = PBXCopyFilesBuildPhase;
			buildActionMask = 2147483647;
			dstPath = /usr/share/man/man1/;
			dstSubfolderSpec = 0;
			files = (
			);
			runOnlyForDeploymentPostprocessing = 1;
		};
		5EA6AF812597AB1100FC6949 /* Embed Frameworks */ = {
			isa = PBXCopyFilesBuildPhase;
			buildActionMask = 2147483647;
			dstPath = "";
			dstSubfolderSpec = 10;
			files = (
				5EA6AF7E2597AB1100FC6949 /* SDL2_image.framework in Embed Frameworks */,
				5EA6AF802597AB1100FC6949 /* SDL2.framework in Embed Frameworks */,
			);
			name = "Embed Frameworks";
			runOnlyForDeploymentPostprocessing = 0;
		};
		5EDB0D1525978A950045CF6F /* Embed Frameworks */ = {
			isa = PBXCopyFilesBuildPhase;
			buildActionMask = 2147483647;
			dstPath = "";
			dstSubfolderSpec = 10;
			files = (
				5EDB0D1425978A950045CF6F /* SDL2_image.framework in Embed Frameworks */,
			);
			name = "Embed Frameworks";
			runOnlyForDeploymentPostprocessing = 0;
		};
/* End PBXCopyFilesBuildPhase section */

/* Begin PBXFileReference section */
		5E7202452596481B0050E871 /* Sprites */ = {isa = PBXFileReference; explicitFileType = "compiled.mach-o.executable"; includeInIndex = 0; path = Sprites; sourceTree = BUILT_PRODUCTS_DIR; };
		5E7202472596481B0050E871 /* main.cpp */ = {isa = PBXFileReference; lastKnownFileType = sourcecode.cpp.cpp; path = main.cpp; sourceTree = "<group>"; };
		5E72024D259648E50050E871 /* Game.cpp */ = {isa = PBXFileReference; lastKnownFileType = sourcecode.cpp.cpp; path = Game.cpp; sourceTree = "<group>"; };
		5E72024E259648E50050E871 /* Game.hpp */ = {isa = PBXFileReference; lastKnownFileType = sourcecode.cpp.h; path = Game.hpp; sourceTree = "<group>"; };
		5E72025025964DE60050E871 /* Actor.cpp */ = {isa = PBXFileReference; lastKnownFileType = sourcecode.cpp.cpp; path = Actor.cpp; sourceTree = "<group>"; };
		5E72025125964DE60050E871 /* Actor.hpp */ = {isa = PBXFileReference; lastKnownFileType = sourcecode.cpp.h; path = Actor.hpp; sourceTree = "<group>"; };
		5E720253259651270050E871 /* Component.cpp */ = {isa = PBXFileReference; lastKnownFileType = sourcecode.cpp.cpp; path = Component.cpp; sourceTree = "<group>"; };
		5E720254259651270050E871 /* Component.hpp */ = {isa = PBXFileReference; lastKnownFileType = sourcecode.cpp.h; path = Component.hpp; sourceTree = "<group>"; };
		5E720259259651880050E871 /* Math.cpp */ = {isa = PBXFileReference; lastKnownFileType = sourcecode.cpp.cpp; path = Math.cpp; sourceTree = "<group>"; };
		5E72025A259651880050E871 /* Math.hpp */ = {isa = PBXFileReference; lastKnownFileType = sourcecode.cpp.h; path = Math.hpp; sourceTree = "<group>"; };
		5E72025C259654980050E871 /* SpriteComponent.cpp */ = {isa = PBXFileReference; lastKnownFileType = sourcecode.cpp.cpp; path = SpriteComponent.cpp; sourceTree = "<group>"; };
		5E72025D259654980050E871 /* SpriteComponent.hpp */ = {isa = PBXFileReference; lastKnownFileType = sourcecode.cpp.h; path = SpriteComponent.hpp; sourceTree = "<group>"; };
		5E79BCD22594E38D00B79CC3 /* PingPong */ = {isa = PBXFileReference; explicitFileType = "compiled.mach-o.executable"; includeInIndex = 0; path = PingPong; sourceTree = BUILT_PRODUCTS_DIR; };
		5E79BCD42594E38D00B79CC3 /* main.cpp */ = {isa = PBXFileReference; lastKnownFileType = sourcecode.cpp.cpp; path = main.cpp; sourceTree = "<group>"; };
		5E79BCDD2594E46C00B79CC3 /* GameEnvironment */ = {isa = PBXFileReference; explicitFileType = "compiled.mach-o.executable"; includeInIndex = 0; path = GameEnvironment; sourceTree = BUILT_PRODUCTS_DIR; };
		5E79BCDF2594E46C00B79CC3 /* main.cpp */ = {isa = PBXFileReference; lastKnownFileType = sourcecode.cpp.cpp; path = main.cpp; sourceTree = "<group>"; };
		5E79BCE52594E5B400B79CC3 /* SDL2.framework */ = {isa = PBXFileReference; lastKnownFileType = wrapper.framework; name = SDL2.framework; path = ThirdParty/SDL2.framework; sourceTree = "<group>"; };
		5E79BCE82594EAFD00B79CC3 /* Game.cpp */ = {isa = PBXFileReference; lastKnownFileType = sourcecode.cpp.cpp; path = Game.cpp; sourceTree = "<group>"; };
		5E79BCE92594EAFD00B79CC3 /* Game.hpp */ = {isa = PBXFileReference; lastKnownFileType = sourcecode.cpp.h; path = Game.hpp; sourceTree = "<group>"; };
		5EA1877D2594EDE1003153A1 /* Game.cpp */ = {isa = PBXFileReference; lastKnownFileType = sourcecode.cpp.cpp; path = Game.cpp; sourceTree = "<group>"; };
		5EA1877E2594EDE1003153A1 /* Game.hpp */ = {isa = PBXFileReference; lastKnownFileType = sourcecode.cpp.h; path = Game.hpp; sourceTree = "<group>"; };
		5EA187802594F406003153A1 /* Config.xcconfig */ = {isa = PBXFileReference; lastKnownFileType = text.xcconfig; path = Config.xcconfig; sourceTree = "<group>"; };
		5EA6AF182597956300FC6949 /* Farback01.png */ = {isa = PBXFileReference; lastKnownFileType = image.png; path = Farback01.png; sourceTree = "<group>"; };
		5EA6AF192597956300FC6949 /* Farback02.png */ = {isa = PBXFileReference; lastKnownFileType = image.png; path = Farback02.png; sourceTree = "<group>"; };
		5EA6AF1F2597956300FC6949 /* Ship01.png */ = {isa = PBXFileReference; lastKnownFileType = image.png; path = Ship01.png; sourceTree = "<group>"; };
		5EA6AF202597956300FC6949 /* Ship02.png */ = {isa = PBXFileReference; lastKnownFileType = image.png; path = Ship02.png; sourceTree = "<group>"; };
		5EA6AF212597956300FC6949 /* Ship03.png */ = {isa = PBXFileReference; lastKnownFileType = image.png; path = Ship03.png; sourceTree = "<group>"; };
		5EA6AF222597956300FC6949 /* Ship04.png */ = {isa = PBXFileReference; lastKnownFileType = image.png; path = Ship04.png; sourceTree = "<group>"; };
		5EA6AF232597956300FC6949 /* Stars.png */ = {isa = PBXFileReference; lastKnownFileType = image.png; path = Stars.png; sourceTree = "<group>"; };
		5EA6AF2C2597970800FC6949 /* Ship.cpp */ = {isa = PBXFileReference; lastKnownFileType = sourcecode.cpp.cpp; path = Ship.cpp; sourceTree = "<group>"; };
		5EA6AF2D2597970800FC6949 /* Ship.hpp */ = {isa = PBXFileReference; lastKnownFileType = sourcecode.cpp.h; path = Ship.hpp; sourceTree = "<group>"; };
		5EA6AF3325979B5A00FC6949 /* BasicPhysics */ = {isa = PBXFileReference; explicitFileType = "compiled.mach-o.executable"; includeInIndex = 0; path = BasicPhysics; sourceTree = BUILT_PRODUCTS_DIR; };
		5EA6AF3E25979B7E00FC6949 /* GameAI */ = {isa = PBXFileReference; explicitFileType = "compiled.mach-o.executable"; includeInIndex = 0; path = GameAI; sourceTree = BUILT_PRODUCTS_DIR; };
		5EA6AF4025979B7E00FC6949 /* main.cpp */ = {isa = PBXFileReference; lastKnownFileType = sourcecode.cpp.cpp; path = main.cpp; sourceTree = "<group>"; };
		5EA6AF4925979B9900FC6949 /* OpenGL */ = {isa = PBXFileReference; explicitFileType = "compiled.mach-o.executable"; includeInIndex = 0; path = OpenGL; sourceTree = BUILT_PRODUCTS_DIR; };
		5EA6AF4B25979B9900FC6949 /* main.cpp */ = {isa = PBXFileReference; lastKnownFileType = sourcecode.cpp.cpp; path = main.cpp; sourceTree = "<group>"; };
		5EA6AF5025979D4C00FC6949 /* Component.hpp */ = {isa = PBXFileReference; fileEncoding = 4; lastKnownFileType = sourcecode.cpp.h; path = Component.hpp; sourceTree = "<group>"; };
		5EA6AF5125979D4C00FC6949 /* AnimSpriteComponent.cpp */ = {isa = PBXFileReference; fileEncoding = 4; lastKnownFileType = sourcecode.cpp.cpp; path = AnimSpriteComponent.cpp; sourceTree = "<group>"; };
		5EA6AF5225979D4C00FC6949 /* AnimSpriteComponent.hpp */ = {isa = PBXFileReference; fileEncoding = 4; lastKnownFileType = sourcecode.cpp.h; path = AnimSpriteComponent.hpp; sourceTree = "<group>"; };
		5EA6AF5325979D4C00FC6949 /* BGSpriteComponent.hpp */ = {isa = PBXFileReference; fileEncoding = 4; lastKnownFileType = sourcecode.cpp.h; path = BGSpriteComponent.hpp; sourceTree = "<group>"; };
		5EA6AF5425979D4C00FC6949 /* SpriteComponent.hpp */ = {isa = PBXFileReference; fileEncoding = 4; lastKnownFileType = sourcecode.cpp.h; path = SpriteComponent.hpp; sourceTree = "<group>"; };
		5EA6AF5625979D4C00FC6949 /* Asteroid.png */ = {isa = PBXFileReference; lastKnownFileType = image.png; path = Asteroid.png; sourceTree = "<group>"; };
		5EA6AF5725979D4C00FC6949 /* Laser.png */ = {isa = PBXFileReference; lastKnownFileType = image.png; path = Laser.png; sourceTree = "<group>"; };
		5EA6AF5825979D4C00FC6949 /* Ship.png */ = {isa = PBXFileReference; lastKnownFileType = image.png; path = Ship.png; sourceTree = "<group>"; };
		5EA6AF5925979D4C00FC6949 /* ShipWithThrust.png */ = {isa = PBXFileReference; lastKnownFileType = image.png; path = ShipWithThrust.png; sourceTree = "<group>"; };
		5EA6AF5A25979D4C00FC6949 /* Component.cpp */ = {isa = PBXFileReference; fileEncoding = 4; lastKnownFileType = sourcecode.cpp.cpp; path = Component.cpp; sourceTree = "<group>"; };
		5EA6AF5B25979D4C00FC6949 /* Game.cpp */ = {isa = PBXFileReference; fileEncoding = 4; lastKnownFileType = sourcecode.cpp.cpp; path = Game.cpp; sourceTree = "<group>"; };
		5EA6AF5C25979D4C00FC6949 /* main.cpp */ = {isa = PBXFileReference; fileEncoding = 4; lastKnownFileType = sourcecode.cpp.cpp; path = main.cpp; sourceTree = "<group>"; };
		5EA6AF5D25979D4C00FC6949 /* Math.hpp */ = {isa = PBXFileReference; fileEncoding = 4; lastKnownFileType = sourcecode.cpp.h; path = Math.hpp; sourceTree = "<group>"; };
		5EA6AF5E25979D4C00FC6949 /* BGSpriteComponent.cpp */ = {isa = PBXFileReference; fileEncoding = 4; lastKnownFileType = sourcecode.cpp.cpp; path = BGSpriteComponent.cpp; sourceTree = "<group>"; };
		5EA6AF5F25979D4C00FC6949 /* Math.cpp */ = {isa = PBXFileReference; fileEncoding = 4; lastKnownFileType = sourcecode.cpp.cpp; path = Math.cpp; sourceTree = "<group>"; };
		5EA6AF6025979D4C00FC6949 /* Ship.cpp */ = {isa = PBXFileReference; fileEncoding = 4; lastKnownFileType = sourcecode.cpp.cpp; path = Ship.cpp; sourceTree = "<group>"; };
		5EA6AF6125979D4C00FC6949 /* Game.hpp */ = {isa = PBXFileReference; fileEncoding = 4; lastKnownFileType = sourcecode.cpp.h; path = Game.hpp; sourceTree = "<group>"; };
		5EA6AF6225979D4C00FC6949 /* SpriteComponent.cpp */ = {isa = PBXFileReference; fileEncoding = 4; lastKnownFileType = sourcecode.cpp.cpp; path = SpriteComponent.cpp; sourceTree = "<group>"; };
		5EA6AF6325979D4C00FC6949 /* Ship.hpp */ = {isa = PBXFileReference; fileEncoding = 4; lastKnownFileType = sourcecode.cpp.h; path = Ship.hpp; sourceTree = "<group>"; };
		5EA6AF6425979D4C00FC6949 /* Actor.cpp */ = {isa = PBXFileReference; fileEncoding = 4; lastKnownFileType = sourcecode.cpp.cpp; path = Actor.cpp; sourceTree = "<group>"; };
		5EA6AF6525979D4C00FC6949 /* Actor.hpp */ = {isa = PBXFileReference; fileEncoding = 4; lastKnownFileType = sourcecode.cpp.h; path = Actor.hpp; sourceTree = "<group>"; };
		5EA6AF782597A84400FC6949 /* MoveComponent.cpp */ = {isa = PBXFileReference; lastKnownFileType = sourcecode.cpp.cpp; path = MoveComponent.cpp; sourceTree = "<group>"; };
		5EA6AF792597A84400FC6949 /* MoveComponent.hpp */ = {isa = PBXFileReference; lastKnownFileType = sourcecode.cpp.h; path = MoveComponent.hpp; sourceTree = "<group>"; };
		5EA6AF822597B08400FC6949 /* Asteroid.cpp */ = {isa = PBXFileReference; lastKnownFileType = sourcecode.cpp.cpp; path = Asteroid.cpp; sourceTree = "<group>"; };
		5EA6AF832597B08400FC6949 /* Asteroid.hpp */ = {isa = PBXFileReference; lastKnownFileType = sourcecode.cpp.h; path = Asteroid.hpp; sourceTree = "<group>"; };
		5EA6AF852597B2A000FC6949 /* Random.cpp */ = {isa = PBXFileReference; lastKnownFileType = sourcecode.cpp.cpp; path = Random.cpp; sourceTree = "<group>"; };
		5EA6AF862597B2A000FC6949 /* Random.hpp */ = {isa = PBXFileReference; lastKnownFileType = sourcecode.cpp.h; path = Random.hpp; sourceTree = "<group>"; };
		5EBBB95425A0377100225DF3 /* Component.cpp */ = {isa = PBXFileReference; fileEncoding = 4; lastKnownFileType = sourcecode.cpp.cpp; path = Component.cpp; sourceTree = "<group>"; };
		5EBBB95525A0377100225DF3 /* Random.hpp */ = {isa = PBXFileReference; fileEncoding = 4; lastKnownFileType = sourcecode.cpp.h; path = Random.hpp; sourceTree = "<group>"; };
		5EBBB95625A0377100225DF3 /* Game.hpp */ = {isa = PBXFileReference; fileEncoding = 4; lastKnownFileType = sourcecode.cpp.h; path = Game.hpp; sourceTree = "<group>"; };
		5EBBB95825A0377100225DF3 /* Asteroid.png */ = {isa = PBXFileReference; lastKnownFileType = image.png; path = Asteroid.png; sourceTree = "<group>"; };
		5EBBB95925A0377100225DF3 /* Laser.png */ = {isa = PBXFileReference; lastKnownFileType = image.png; path = Laser.png; sourceTree = "<group>"; };
		5EBBB95A25A0377100225DF3 /* Ship.png */ = {isa = PBXFileReference; lastKnownFileType = image.png; path = Ship.png; sourceTree = "<group>"; };
		5EBBB95B25A0377100225DF3 /* ShipWithThrust.png */ = {isa = PBXFileReference; lastKnownFileType = image.png; path = ShipWithThrust.png; sourceTree = "<group>"; };
		5EBBB95C25A0377100225DF3 /* CircleComponent.cpp */ = {isa = PBXFileReference; fileEncoding = 4; lastKnownFileType = sourcecode.cpp.cpp; path = CircleComponent.cpp; sourceTree = "<group>"; };
		5EBBB95D25A0377100225DF3 /* Ship.hpp */ = {isa = PBXFileReference; fileEncoding = 4; lastKnownFileType = sourcecode.cpp.h; path = Ship.hpp; sourceTree = "<group>"; };
		5EBBB95E25A0377100225DF3 /* Laser.cpp */ = {isa = PBXFileReference; fileEncoding = 4; lastKnownFileType = sourcecode.cpp.cpp; path = Laser.cpp; sourceTree = "<group>"; };
		5EBBB95F25A0377200225DF3 /* Math.hpp */ = {isa = PBXFileReference; fileEncoding = 4; lastKnownFileType = sourcecode.cpp.h; path = Math.hpp; sourceTree = "<group>"; };
		5EBBB96025A0377200225DF3 /* Actor.hpp */ = {isa = PBXFileReference; fileEncoding = 4; lastKnownFileType = sourcecode.cpp.h; path = Actor.hpp; sourceTree = "<group>"; };
		5EBBB96125A0377200225DF3 /* Random.cpp */ = {isa = PBXFileReference; fileEncoding = 4; lastKnownFileType = sourcecode.cpp.cpp; path = Random.cpp; sourceTree = "<group>"; };
		5EBBB96225A0377200225DF3 /* AnimSpriteComponent.cpp */ = {isa = PBXFileReference; fileEncoding = 4; lastKnownFileType = sourcecode.cpp.cpp; path = AnimSpriteComponent.cpp; sourceTree = "<group>"; };
		5EBBB96325A0377200225DF3 /* Asteroid.hpp */ = {isa = PBXFileReference; fileEncoding = 4; lastKnownFileType = sourcecode.cpp.h; path = Asteroid.hpp; sourceTree = "<group>"; };
		5EBBB96425A0377200225DF3 /* Game.cpp */ = {isa = PBXFileReference; fileEncoding = 4; lastKnownFileType = sourcecode.cpp.cpp; path = Game.cpp; sourceTree = "<group>"; };
		5EBBB96525A0377200225DF3 /* Ship.cpp */ = {isa = PBXFileReference; fileEncoding = 4; lastKnownFileType = sourcecode.cpp.cpp; path = Ship.cpp; sourceTree = "<group>"; };
		5EBBB96625A0377200225DF3 /* MoveComponent.cpp */ = {isa = PBXFileReference; fileEncoding = 4; lastKnownFileType = sourcecode.cpp.cpp; path = MoveComponent.cpp; sourceTree = "<group>"; };
		5EBBB96725A0377200225DF3 /* BGSpriteComponent.cpp */ = {isa = PBXFileReference; fileEncoding = 4; lastKnownFileType = sourcecode.cpp.cpp; path = BGSpriteComponent.cpp; sourceTree = "<group>"; };
		5EBBB96825A0377200225DF3 /* Actor.cpp */ = {isa = PBXFileReference; fileEncoding = 4; lastKnownFileType = sourcecode.cpp.cpp; path = Actor.cpp; sourceTree = "<group>"; };
		5EBBB96925A0377200225DF3 /* BGSpriteComponent.hpp */ = {isa = PBXFileReference; fileEncoding = 4; lastKnownFileType = sourcecode.cpp.h; path = BGSpriteComponent.hpp; sourceTree = "<group>"; };
		5EBBB96A25A0377200225DF3 /* MoveComponent.hpp */ = {isa = PBXFileReference; fileEncoding = 4; lastKnownFileType = sourcecode.cpp.h; path = MoveComponent.hpp; sourceTree = "<group>"; };
		5EBBB96B25A0377200225DF3 /* InputComponent.hpp */ = {isa = PBXFileReference; fileEncoding = 4; lastKnownFileType = sourcecode.cpp.h; path = InputComponent.hpp; sourceTree = "<group>"; };
		5EBBB96C25A0377200225DF3 /* Component.hpp */ = {isa = PBXFileReference; fileEncoding = 4; lastKnownFileType = sourcecode.cpp.h; path = Component.hpp; sourceTree = "<group>"; };
		5EBBB96D25A0377200225DF3 /* Laser.hpp */ = {isa = PBXFileReference; fileEncoding = 4; lastKnownFileType = sourcecode.cpp.h; path = Laser.hpp; sourceTree = "<group>"; };
		5EBBB96E25A0377200225DF3 /* Asteroid.cpp */ = {isa = PBXFileReference; fileEncoding = 4; lastKnownFileType = sourcecode.cpp.cpp; path = Asteroid.cpp; sourceTree = "<group>"; };
		5EBBB96F25A0377200225DF3 /* AnimSpriteComponent.hpp */ = {isa = PBXFileReference; fileEncoding = 4; lastKnownFileType = sourcecode.cpp.h; path = AnimSpriteComponent.hpp; sourceTree = "<group>"; };
		5EBBB97025A0377200225DF3 /* SpriteComponent.cpp */ = {isa = PBXFileReference; fileEncoding = 4; lastKnownFileType = sourcecode.cpp.cpp; path = SpriteComponent.cpp; sourceTree = "<group>"; };
		5EBBB97125A0377200225DF3 /* SpriteComponent.hpp */ = {isa = PBXFileReference; fileEncoding = 4; lastKnownFileType = sourcecode.cpp.h; path = SpriteComponent.hpp; sourceTree = "<group>"; };
		5EBBB97225A0377300225DF3 /* Math.cpp */ = {isa = PBXFileReference; fileEncoding = 4; lastKnownFileType = sourcecode.cpp.cpp; path = Math.cpp; sourceTree = "<group>"; };
		5EBBB97325A0377300225DF3 /* CircleComponent.hpp */ = {isa = PBXFileReference; fileEncoding = 4; lastKnownFileType = sourcecode.cpp.h; path = CircleComponent.hpp; sourceTree = "<group>"; };
		5EBBB97425A0377300225DF3 /* InputComponent.cpp */ = {isa = PBXFileReference; fileEncoding = 4; lastKnownFileType = sourcecode.cpp.cpp; path = InputComponent.cpp; sourceTree = "<group>"; };
		5EBFFB022598548700A5A7B9 /* InputComponent.cpp */ = {isa = PBXFileReference; lastKnownFileType = sourcecode.cpp.cpp; path = InputComponent.cpp; sourceTree = "<group>"; };
		5EBFFB032598548700A5A7B9 /* InputComponent.hpp */ = {isa = PBXFileReference; lastKnownFileType = sourcecode.cpp.h; path = InputComponent.hpp; sourceTree = "<group>"; };
		5EBFFB06259871CE00A5A7B9 /* CircleComponent.cpp */ = {isa = PBXFileReference; lastKnownFileType = sourcecode.cpp.cpp; path = CircleComponent.cpp; sourceTree = "<group>"; };
		5EBFFB07259871CE00A5A7B9 /* CircleComponent.hpp */ = {isa = PBXFileReference; lastKnownFileType = sourcecode.cpp.h; path = CircleComponent.hpp; sourceTree = "<group>"; };
		5EBFFB0925987CC800A5A7B9 /* Laser.cpp */ = {isa = PBXFileReference; lastKnownFileType = sourcecode.cpp.cpp; path = Laser.cpp; sourceTree = "<group>"; };
		5EBFFB0A25987CC800A5A7B9 /* Laser.hpp */ = {isa = PBXFileReference; lastKnownFileType = sourcecode.cpp.h; path = Laser.hpp; sourceTree = "<group>"; };
		5EDB0D0E259786780045CF6F /* SDL2_image.framework */ = {isa = PBXFileReference; lastKnownFileType = wrapper.framework; name = SDL2_image.framework; path = ThirdParty/SDL2_image.framework; sourceTree = "<group>"; };
		5EDB0D1625978FF90045CF6F /* AnimSpriteComponent.cpp */ = {isa = PBXFileReference; lastKnownFileType = sourcecode.cpp.cpp; path = AnimSpriteComponent.cpp; sourceTree = "<group>"; };
		5EDB0D1725978FF90045CF6F /* AnimSpriteComponent.hpp */ = {isa = PBXFileReference; lastKnownFileType = sourcecode.cpp.h; path = AnimSpriteComponent.hpp; sourceTree = "<group>"; };
		5EDB0D192597919B0045CF6F /* BGSpriteComponent.cpp */ = {isa = PBXFileReference; lastKnownFileType = sourcecode.cpp.cpp; path = BGSpriteComponent.cpp; sourceTree = "<group>"; };
		5EDB0D1A2597919B0045CF6F /* BGSpriteComponent.hpp */ = {isa = PBXFileReference; lastKnownFileType = sourcecode.cpp.h; path = BGSpriteComponent.hpp; sourceTree = "<group>"; };
/* End PBXFileReference section */

/* Begin PBXFrameworksBuildPhase section */
		5E7202422596481B0050E871 /* Frameworks */ = {
			isa = PBXFrameworksBuildPhase;
			buildActionMask = 2147483647;
			files = (
				5E72024C259648A40050E871 /* SDL2.framework in Frameworks */,
				5EDB0D1325978A950045CF6F /* SDL2_image.framework in Frameworks */,
			);
			runOnlyForDeploymentPostprocessing = 0;
		};
		5E79BCCF2594E38D00B79CC3 /* Frameworks */ = {
			isa = PBXFrameworksBuildPhase;
			buildActionMask = 2147483647;
			files = (
				5E79BCE62594E5B400B79CC3 /* SDL2.framework in Frameworks */,
			);
			runOnlyForDeploymentPostprocessing = 0;
		};
		5E79BCDA2594E46C00B79CC3 /* Frameworks */ = {
			isa = PBXFrameworksBuildPhase;
			buildActionMask = 2147483647;
			files = (
				5E79BCE72594E6EF00B79CC3 /* SDL2.framework in Frameworks */,
			);
			runOnlyForDeploymentPostprocessing = 0;
		};
		5EA6AF3025979B5A00FC6949 /* Frameworks */ = {
			isa = PBXFrameworksBuildPhase;
			buildActionMask = 2147483647;
			files = (
				5EA6AF7D2597AB1100FC6949 /* SDL2_image.framework in Frameworks */,
				5EA6AF7F2597AB1100FC6949 /* SDL2.framework in Frameworks */,
			);
			runOnlyForDeploymentPostprocessing = 0;
		};
		5EA6AF3B25979B7E00FC6949 /* Frameworks */ = {
			isa = PBXFrameworksBuildPhase;
			buildActionMask = 2147483647;
			files = (
				5EBBB98325A037A600225DF3 /* SDL2_image.framework in Frameworks */,
				5EBBB98425A037A600225DF3 /* SDL2.framework in Frameworks */,
			);
			runOnlyForDeploymentPostprocessing = 0;
		};
		5EA6AF4625979B9900FC6949 /* Frameworks */ = {
			isa = PBXFrameworksBuildPhase;
			buildActionMask = 2147483647;
			files = (
			);
			runOnlyForDeploymentPostprocessing = 0;
		};
/* End PBXFrameworksBuildPhase section */

/* Begin PBXGroup section */
		5E7202462596481B0050E871 /* Sprites */ = {
			isa = PBXGroup;
			children = (
				5EA6AEFE2597956300FC6949 /* Assets */,
				5E7202472596481B0050E871 /* main.cpp */,
				5E72024D259648E50050E871 /* Game.cpp */,
				5E72024E259648E50050E871 /* Game.hpp */,
				5E72025025964DE60050E871 /* Actor.cpp */,
				5E72025125964DE60050E871 /* Actor.hpp */,
				5E720253259651270050E871 /* Component.cpp */,
				5E720254259651270050E871 /* Component.hpp */,
				5E720259259651880050E871 /* Math.cpp */,
				5E72025A259651880050E871 /* Math.hpp */,
				5E72025C259654980050E871 /* SpriteComponent.cpp */,
				5E72025D259654980050E871 /* SpriteComponent.hpp */,
				5EDB0D1625978FF90045CF6F /* AnimSpriteComponent.cpp */,
				5EDB0D1725978FF90045CF6F /* AnimSpriteComponent.hpp */,
				5EDB0D192597919B0045CF6F /* BGSpriteComponent.cpp */,
				5EDB0D1A2597919B0045CF6F /* BGSpriteComponent.hpp */,
				5EA6AF2C2597970800FC6949 /* Ship.cpp */,
				5EA6AF2D2597970800FC6949 /* Ship.hpp */,
			);
			path = Sprites;
			sourceTree = "<group>";
		};
		5E79BCBA2594DDF500B79CC3 = {
			isa = PBXGroup;
			children = (
				5EA187812594F65F003153A1 /* Config */,
				5E79BCDE2594E46C00B79CC3 /* GameEnvironment */,
				5E79BCD32594E38D00B79CC3 /* PingPong */,
				5E7202462596481B0050E871 /* Sprites */,
				5EA6AF3425979B5A00FC6949 /* BasicPhysics */,
				5EA6AF3F25979B7E00FC6949 /* GameAI */,
				5EA6AF4A25979B9900FC6949 /* OpenGL */,
				5E79BCC42594DDF500B79CC3 /* Products */,
				5E79BCE42594E5B400B79CC3 /* Frameworks */,
			);
			sourceTree = "<group>";
		};
		5E79BCC42594DDF500B79CC3 /* Products */ = {
			isa = PBXGroup;
			children = (
				5E79BCD22594E38D00B79CC3 /* PingPong */,
				5E79BCDD2594E46C00B79CC3 /* GameEnvironment */,
				5E7202452596481B0050E871 /* Sprites */,
				5EA6AF3325979B5A00FC6949 /* BasicPhysics */,
				5EA6AF3E25979B7E00FC6949 /* GameAI */,
				5EA6AF4925979B9900FC6949 /* OpenGL */,
			);
			name = Products;
			sourceTree = "<group>";
		};
		5E79BCD32594E38D00B79CC3 /* PingPong */ = {
			isa = PBXGroup;
			children = (
				5E79BCD42594E38D00B79CC3 /* main.cpp */,
				5EA1877D2594EDE1003153A1 /* Game.cpp */,
				5EA1877E2594EDE1003153A1 /* Game.hpp */,
			);
			path = PingPong;
			sourceTree = "<group>";
		};
		5E79BCDE2594E46C00B79CC3 /* GameEnvironment */ = {
			isa = PBXGroup;
			children = (
				5E79BCE82594EAFD00B79CC3 /* Game.cpp */,
				5E79BCE92594EAFD00B79CC3 /* Game.hpp */,
				5E79BCDF2594E46C00B79CC3 /* main.cpp */,
			);
			path = GameEnvironment;
			sourceTree = "<group>";
		};
		5E79BCE42594E5B400B79CC3 /* Frameworks */ = {
			isa = PBXGroup;
			children = (
				5EDB0D0E259786780045CF6F /* SDL2_image.framework */,
				5E79BCE52594E5B400B79CC3 /* SDL2.framework */,
			);
			name = Frameworks;
			sourceTree = "<group>";
		};
		5EA187812594F65F003153A1 /* Config */ = {
			isa = PBXGroup;
			children = (
				5EA187802594F406003153A1 /* Config.xcconfig */,
			);
			path = Config;
			sourceTree = "<group>";
		};
		5EA6AEFE2597956300FC6949 /* Assets */ = {
			isa = PBXGroup;
			children = (
				5EA6AF182597956300FC6949 /* Farback01.png */,
				5EA6AF192597956300FC6949 /* Farback02.png */,
				5EA6AF1F2597956300FC6949 /* Ship01.png */,
				5EA6AF202597956300FC6949 /* Ship02.png */,
				5EA6AF212597956300FC6949 /* Ship03.png */,
				5EA6AF222597956300FC6949 /* Ship04.png */,
				5EA6AF232597956300FC6949 /* Stars.png */,
			);
			path = Assets;
			sourceTree = "<group>";
		};
		5EA6AF3425979B5A00FC6949 /* BasicPhysics */ = {
			isa = PBXGroup;
			children = (
				5EBFFB022598548700A5A7B9 /* InputComponent.cpp */,
				5EBFFB032598548700A5A7B9 /* InputComponent.hpp */,
				5EA6AF5E25979D4C00FC6949 /* BGSpriteComponent.cpp */,
				5EA6AF5325979D4C00FC6949 /* BGSpriteComponent.hpp */,
				5EA6AF5125979D4C00FC6949 /* AnimSpriteComponent.cpp */,
				5EA6AF5225979D4C00FC6949 /* AnimSpriteComponent.hpp */,
				5EA6AF6225979D4C00FC6949 /* SpriteComponent.cpp */,
				5EA6AF5425979D4C00FC6949 /* SpriteComponent.hpp */,
				5EA6AF782597A84400FC6949 /* MoveComponent.cpp */,
				5EA6AF792597A84400FC6949 /* MoveComponent.hpp */,
				5EA6AF5A25979D4C00FC6949 /* Component.cpp */,
				5EA6AF5025979D4C00FC6949 /* Component.hpp */,
				5EA6AF6425979D4C00FC6949 /* Actor.cpp */,
				5EA6AF6525979D4C00FC6949 /* Actor.hpp */,
				5EA6AF5525979D4C00FC6949 /* Assets */,
				5EA6AF5B25979D4C00FC6949 /* Game.cpp */,
				5EA6AF6125979D4C00FC6949 /* Game.hpp */,
				5EA6AF5C25979D4C00FC6949 /* main.cpp */,
				5EA6AF5F25979D4C00FC6949 /* Math.cpp */,
				5EA6AF5D25979D4C00FC6949 /* Math.hpp */,
				5EA6AF6025979D4C00FC6949 /* Ship.cpp */,
				5EA6AF6325979D4C00FC6949 /* Ship.hpp */,
				5EA6AF822597B08400FC6949 /* Asteroid.cpp */,
				5EA6AF832597B08400FC6949 /* Asteroid.hpp */,
				5EA6AF852597B2A000FC6949 /* Random.cpp */,
				5EA6AF862597B2A000FC6949 /* Random.hpp */,
				5EBFFB06259871CE00A5A7B9 /* CircleComponent.cpp */,
				5EBFFB07259871CE00A5A7B9 /* CircleComponent.hpp */,
				5EBFFB0925987CC800A5A7B9 /* Laser.cpp */,
				5EBFFB0A25987CC800A5A7B9 /* Laser.hpp */,
			);
			path = BasicPhysics;
			sourceTree = "<group>";
		};
		5EA6AF3F25979B7E00FC6949 /* GameAI */ = {
			isa = PBXGroup;
			children = (
				5EBBB96825A0377200225DF3 /* Actor.cpp */,
				5EBBB96025A0377200225DF3 /* Actor.hpp */,
				5EBBB96225A0377200225DF3 /* AnimSpriteComponent.cpp */,
				5EBBB96F25A0377200225DF3 /* AnimSpriteComponent.hpp */,
				5EBBB95725A0377100225DF3 /* Assets */,
				5EBBB96E25A0377200225DF3 /* Asteroid.cpp */,
				5EBBB96325A0377200225DF3 /* Asteroid.hpp */,
				5EBBB96725A0377200225DF3 /* BGSpriteComponent.cpp */,
				5EBBB96925A0377200225DF3 /* BGSpriteComponent.hpp */,
				5EBBB95C25A0377100225DF3 /* CircleComponent.cpp */,
				5EBBB97325A0377300225DF3 /* CircleComponent.hpp */,
				5EBBB95425A0377100225DF3 /* Component.cpp */,
				5EBBB96C25A0377200225DF3 /* Component.hpp */,
				5EBBB96425A0377200225DF3 /* Game.cpp */,
				5EBBB95625A0377100225DF3 /* Game.hpp */,
				5EBBB97425A0377300225DF3 /* InputComponent.cpp */,
				5EBBB96B25A0377200225DF3 /* InputComponent.hpp */,
				5EBBB95E25A0377100225DF3 /* Laser.cpp */,
				5EBBB96D25A0377200225DF3 /* Laser.hpp */,
				5EBBB97225A0377300225DF3 /* Math.cpp */,
				5EBBB95F25A0377200225DF3 /* Math.hpp */,
				5EBBB96625A0377200225DF3 /* MoveComponent.cpp */,
				5EBBB96A25A0377200225DF3 /* MoveComponent.hpp */,
				5EBBB96125A0377200225DF3 /* Random.cpp */,
				5EBBB95525A0377100225DF3 /* Random.hpp */,
				5EBBB96525A0377200225DF3 /* Ship.cpp */,
				5EBBB95D25A0377100225DF3 /* Ship.hpp */,
				5EBBB97025A0377200225DF3 /* SpriteComponent.cpp */,
				5EBBB97125A0377200225DF3 /* SpriteComponent.hpp */,
				5EA6AF4025979B7E00FC6949 /* main.cpp */,
			);
			path = GameAI;
			sourceTree = "<group>";
		};
		5EA6AF4A25979B9900FC6949 /* OpenGL */ = {
			isa = PBXGroup;
			children = (
				5EA6AF4B25979B9900FC6949 /* main.cpp */,
			);
			path = OpenGL;
			sourceTree = "<group>";
		};
		5EA6AF5525979D4C00FC6949 /* Assets */ = {
			isa = PBXGroup;
			children = (
				5EA6AF5625979D4C00FC6949 /* Asteroid.png */,
				5EA6AF5725979D4C00FC6949 /* Laser.png */,
				5EA6AF5825979D4C00FC6949 /* Ship.png */,
				5EA6AF5925979D4C00FC6949 /* ShipWithThrust.png */,
			);
			path = Assets;
			sourceTree = "<group>";
		};
		5EBBB95725A0377100225DF3 /* Assets */ = {
			isa = PBXGroup;
			children = (
				5EBBB95825A0377100225DF3 /* Asteroid.png */,
				5EBBB95925A0377100225DF3 /* Laser.png */,
				5EBBB95A25A0377100225DF3 /* Ship.png */,
				5EBBB95B25A0377100225DF3 /* ShipWithThrust.png */,
			);
			path = Assets;
			sourceTree = "<group>";
		};
/* End PBXGroup section */

/* Begin PBXNativeTarget section */
		5E7202442596481B0050E871 /* Sprites */ = {
			isa = PBXNativeTarget;
			buildConfigurationList = 5E72024B2596481B0050E871 /* Build configuration list for PBXNativeTarget "Sprites" */;
			buildPhases = (
				5E7202412596481B0050E871 /* Sources */,
				5E7202422596481B0050E871 /* Frameworks */,
				5E7202432596481B0050E871 /* CopyFiles */,
				5EDB0D1525978A950045CF6F /* Embed Frameworks */,
			);
			buildRules = (
			);
			dependencies = (
			);
			name = Sprites;
			productName = Sprites;
			productReference = 5E7202452596481B0050E871 /* Sprites */;
			productType = "com.apple.product-type.tool";
		};
		5E79BCD12594E38D00B79CC3 /* PingPong */ = {
			isa = PBXNativeTarget;
			buildConfigurationList = 5E79BCD62594E38D00B79CC3 /* Build configuration list for PBXNativeTarget "PingPong" */;
			buildPhases = (
				5E79BCCE2594E38D00B79CC3 /* Sources */,
				5E79BCCF2594E38D00B79CC3 /* Frameworks */,
				5E79BCD02594E38D00B79CC3 /* CopyFiles */,
			);
			buildRules = (
			);
			dependencies = (
			);
			name = PingPong;
			productName = PingPong;
			productReference = 5E79BCD22594E38D00B79CC3 /* PingPong */;
			productType = "com.apple.product-type.tool";
		};
		5E79BCDC2594E46C00B79CC3 /* GameEnvironment */ = {
			isa = PBXNativeTarget;
			buildConfigurationList = 5E79BCE12594E46C00B79CC3 /* Build configuration list for PBXNativeTarget "GameEnvironment" */;
			buildPhases = (
				5E79BCD92594E46C00B79CC3 /* Sources */,
				5E79BCDA2594E46C00B79CC3 /* Frameworks */,
				5E79BCDB2594E46C00B79CC3 /* CopyFiles */,
			);
			buildRules = (
			);
			dependencies = (
			);
			name = GameEnvironment;
			productName = GameEnvironment;
			productReference = 5E79BCDD2594E46C00B79CC3 /* GameEnvironment */;
			productType = "com.apple.product-type.tool";
		};
		5EA6AF3225979B5A00FC6949 /* BasicPhysics */ = {
			isa = PBXNativeTarget;
			buildConfigurationList = 5EA6AF3925979B5A00FC6949 /* Build configuration list for PBXNativeTarget "BasicPhysics" */;
			buildPhases = (
				5EA6AF2F25979B5A00FC6949 /* Sources */,
				5EA6AF3025979B5A00FC6949 /* Frameworks */,
				5EA6AF3125979B5A00FC6949 /* CopyFiles */,
				5EA6AF812597AB1100FC6949 /* Embed Frameworks */,
			);
			buildRules = (
			);
			dependencies = (
			);
			name = BasicPhysics;
			productName = BasicPhysics;
			productReference = 5EA6AF3325979B5A00FC6949 /* BasicPhysics */;
			productType = "com.apple.product-type.tool";
		};
		5EA6AF3D25979B7E00FC6949 /* GameAI */ = {
			isa = PBXNativeTarget;
			buildConfigurationList = 5EA6AF4225979B7E00FC6949 /* Build configuration list for PBXNativeTarget "GameAI" */;
			buildPhases = (
				5EA6AF3A25979B7E00FC6949 /* Sources */,
				5EA6AF3B25979B7E00FC6949 /* Frameworks */,
				5EA6AF3C25979B7E00FC6949 /* CopyFiles */,
			);
			buildRules = (
			);
			dependencies = (
			);
			name = GameAI;
			productName = GameAI;
			productReference = 5EA6AF3E25979B7E00FC6949 /* GameAI */;
			productType = "com.apple.product-type.tool";
		};
		5EA6AF4825979B9900FC6949 /* OpenGL */ = {
			isa = PBXNativeTarget;
			buildConfigurationList = 5EA6AF4D25979B9900FC6949 /* Build configuration list for PBXNativeTarget "OpenGL" */;
			buildPhases = (
				5EA6AF4525979B9900FC6949 /* Sources */,
				5EA6AF4625979B9900FC6949 /* Frameworks */,
				5EA6AF4725979B9900FC6949 /* CopyFiles */,
			);
			buildRules = (
			);
			dependencies = (
			);
			name = OpenGL;
			productName = OpenGL;
			productReference = 5EA6AF4925979B9900FC6949 /* OpenGL */;
			productType = "com.apple.product-type.tool";
		};
/* End PBXNativeTarget section */

/* Begin PBXProject section */
		5E79BCBB2594DDF500B79CC3 /* Project object */ = {
			isa = PBXProject;
			attributes = {
				LastUpgradeCheck = 1130;
				ORGANIZATIONNAME = guyu2019;
				TargetAttributes = {
					5E7202442596481B0050E871 = {
						CreatedOnToolsVersion = 11.3;
					};
					5E79BCD12594E38D00B79CC3 = {
						CreatedOnToolsVersion = 11.3;
					};
					5E79BCDC2594E46C00B79CC3 = {
						CreatedOnToolsVersion = 11.3;
					};
					5EA6AF3225979B5A00FC6949 = {
						CreatedOnToolsVersion = 11.3;
					};
					5EA6AF3D25979B7E00FC6949 = {
						CreatedOnToolsVersion = 11.3;
					};
					5EA6AF4825979B9900FC6949 = {
						CreatedOnToolsVersion = 11.3;
					};
				};
			};
			buildConfigurationList = 5E79BCBE2594DDF500B79CC3 /* Build configuration list for PBXProject "GameProjects" */;
			compatibilityVersion = "Xcode 9.3";
			developmentRegion = en;
			hasScannedForEncodings = 0;
			knownRegions = (
				en,
				Base,
			);
			mainGroup = 5E79BCBA2594DDF500B79CC3;
			productRefGroup = 5E79BCC42594DDF500B79CC3 /* Products */;
			projectDirPath = "";
			projectRoot = "";
			targets = (
				5E79BCD12594E38D00B79CC3 /* PingPong */,
				5E79BCDC2594E46C00B79CC3 /* GameEnvironment */,
				5E7202442596481B0050E871 /* Sprites */,
				5EA6AF3225979B5A00FC6949 /* BasicPhysics */,
				5EA6AF3D25979B7E00FC6949 /* GameAI */,
				5EA6AF4825979B9900FC6949 /* OpenGL */,
			);
		};
/* End PBXProject section */

/* Begin PBXSourcesBuildPhase section */
		5E7202412596481B0050E871 /* Sources */ = {
			isa = PBXSourcesBuildPhase;
			buildActionMask = 2147483647;
			files = (
				5EA6AF2E2597970800FC6949 /* Ship.cpp in Sources */,
				5E72025225964DE60050E871 /* Actor.cpp in Sources */,
				5EDB0D1B2597919B0045CF6F /* BGSpriteComponent.cpp in Sources */,
				5E720255259651270050E871 /* Component.cpp in Sources */,
				5EDB0D1825978FF90045CF6F /* AnimSpriteComponent.cpp in Sources */,
				5E72025E259654980050E871 /* SpriteComponent.cpp in Sources */,
				5E7202482596481B0050E871 /* main.cpp in Sources */,
				5E72024F259648E50050E871 /* Game.cpp in Sources */,
				5E72025B259651880050E871 /* Math.cpp in Sources */,
			);
			runOnlyForDeploymentPostprocessing = 0;
		};
		5E79BCCE2594E38D00B79CC3 /* Sources */ = {
			isa = PBXSourcesBuildPhase;
			buildActionMask = 2147483647;
			files = (
				5E79BCD52594E38D00B79CC3 /* main.cpp in Sources */,
				5EA1877F2594EDE1003153A1 /* Game.cpp in Sources */,
			);
			runOnlyForDeploymentPostprocessing = 0;
		};
		5E79BCD92594E46C00B79CC3 /* Sources */ = {
			isa = PBXSourcesBuildPhase;
			buildActionMask = 2147483647;
			files = (
				5E79BCE02594E46C00B79CC3 /* main.cpp in Sources */,
				5EA1877C2594EDD3003153A1 /* Game.cpp in Sources */,
			);
			runOnlyForDeploymentPostprocessing = 0;
		};
		5EA6AF2F25979B5A00FC6949 /* Sources */ = {
			isa = PBXSourcesBuildPhase;
			buildActionMask = 2147483647;
			files = (
				5EBFFB042598548700A5A7B9 /* InputComponent.cpp in Sources */,
				5EBFFB08259871CE00A5A7B9 /* CircleComponent.cpp in Sources */,
				5EA6AF872597B2A000FC6949 /* Random.cpp in Sources */,
				5EA6AF6E25979D4D00FC6949 /* Actor.cpp in Sources */,
				5EA6AF6825979D4C00FC6949 /* Game.cpp in Sources */,
				5EA6AF6625979D4C00FC6949 /* AnimSpriteComponent.cpp in Sources */,
				5EA6AF6925979D4C00FC6949 /* main.cpp in Sources */,
				5EA6AF6B25979D4D00FC6949 /* Math.cpp in Sources */,
				5EA6AF6725979D4C00FC6949 /* Component.cpp in Sources */,
				5EBFFB0B25987CC800A5A7B9 /* Laser.cpp in Sources */,
				5EA6AF6A25979D4D00FC6949 /* BGSpriteComponent.cpp in Sources */,
				5EA6AF842597B08400FC6949 /* Asteroid.cpp in Sources */,
				5EA6AF6D25979D4D00FC6949 /* SpriteComponent.cpp in Sources */,
				5EA6AF7A2597A84400FC6949 /* MoveComponent.cpp in Sources */,
				5EA6AF6C25979D4D00FC6949 /* Ship.cpp in Sources */,
			);
			runOnlyForDeploymentPostprocessing = 0;
		};
		5EA6AF3A25979B7E00FC6949 /* Sources */ = {
			isa = PBXSourcesBuildPhase;
			buildActionMask = 2147483647;
			files = (
				5EA6AF4125979B7E00FC6949 /* main.cpp in Sources */,
				5EBBB98125A0377300225DF3 /* Math.cpp in Sources */,
				5EBBB97725A0377300225DF3 /* Laser.cpp in Sources */,
				5EBBB97525A0377300225DF3 /* Component.cpp in Sources */,
				5EBBB98225A0377300225DF3 /* InputComponent.cpp in Sources */,
				5EBBB97E25A0377300225DF3 /* Actor.cpp in Sources */,
				5EBBB97F25A0377300225DF3 /* Asteroid.cpp in Sources */,
				5EBBB97925A0377300225DF3 /* AnimSpriteComponent.cpp in Sources */,
				5EBBB97825A0377300225DF3 /* Random.cpp in Sources */,
				5EBBB97B25A0377300225DF3 /* Ship.cpp in Sources */,
				5EBBB97625A0377300225DF3 /* CircleComponent.cpp in Sources */,
				5EBBB97A25A0377300225DF3 /* Game.cpp in Sources */,
				5EBBB98025A0377300225DF3 /* SpriteComponent.cpp in Sources */,
				5EBBB97C25A0377300225DF3 /* MoveComponent.cpp in Sources */,
				5EBBB97D25A0377300225DF3 /* BGSpriteComponent.cpp in Sources */,
			);
			runOnlyForDeploymentPostprocessing = 0;
		};
		5EA6AF4525979B9900FC6949 /* Sources */ = {
			isa = PBXSourcesBuildPhase;
			buildActionMask = 2147483647;
			files = (
				5EA6AF4C25979B9900FC6949 /* main.cpp in Sources */,
			);
			runOnlyForDeploymentPostprocessing = 0;
		};
/* End PBXSourcesBuildPhase section */

/* Begin XCBuildConfiguration section */
		5E7202492596481B0050E871 /* Debug */ = {
			isa = XCBuildConfiguration;
			baseConfigurationReference = 5EA187802594F406003153A1 /* Config.xcconfig */;
			buildSettings = {
				CODE_SIGN_STYLE = Automatic;
				FRAMEWORK_SEARCH_PATHS = (
					"$(inherited)",
					"$(PROJECT_DIR)/ThirdParty",
				);
				HEADER_SEARCH_PATHS = (
					"$(PROJECT_DIR)/ThirdParty/SDL2.framework/Headers/",
					"$(PROJECT_DIR)/ThirdParty/SDL2_image.framework/Headers/",
				);
				PRODUCT_NAME = "$(TARGET_NAME)";
			};
			name = Debug;
		};
		5E72024A2596481B0050E871 /* Release */ = {
			isa = XCBuildConfiguration;
			baseConfigurationReference = 5EA187802594F406003153A1 /* Config.xcconfig */;
			buildSettings = {
				CODE_SIGN_STYLE = Automatic;
				FRAMEWORK_SEARCH_PATHS = (
					"$(inherited)",
					"$(PROJECT_DIR)/ThirdParty",
				);
				HEADER_SEARCH_PATHS = (
					"$(PROJECT_DIR)/ThirdParty/SDL2.framework/Headers/",
					"$(PROJECT_DIR)/ThirdParty/SDL2_image.framework/Headers/",
				);
				PRODUCT_NAME = "$(TARGET_NAME)";
			};
			name = Release;
		};
		5E79BCC82594DDF500B79CC3 /* Debug */ = {
			isa = XCBuildConfiguration;
			baseConfigurationReference = 5EA187802594F406003153A1 /* Config.xcconfig */;
			buildSettings = {
				ALWAYS_SEARCH_USER_PATHS = NO;
				CLANG_ANALYZER_NONNULL = YES;
				CLANG_ANALYZER_NUMBER_OBJECT_CONVERSION = YES_AGGRESSIVE;
				CLANG_CXX_LANGUAGE_STANDARD = "gnu++14";
				CLANG_CXX_LIBRARY = "libc++";
				CLANG_ENABLE_MODULES = YES;
				CLANG_ENABLE_OBJC_ARC = YES;
				CLANG_ENABLE_OBJC_WEAK = YES;
				CLANG_WARN_BLOCK_CAPTURE_AUTORELEASING = YES;
				CLANG_WARN_BOOL_CONVERSION = YES;
				CLANG_WARN_COMMA = YES;
				CLANG_WARN_CONSTANT_CONVERSION = YES;
				CLANG_WARN_DEPRECATED_OBJC_IMPLEMENTATIONS = YES;
				CLANG_WARN_DIRECT_OBJC_ISA_USAGE = YES_ERROR;
				CLANG_WARN_DOCUMENTATION_COMMENTS = YES;
				CLANG_WARN_EMPTY_BODY = YES;
				CLANG_WARN_ENUM_CONVERSION = YES;
				CLANG_WARN_INFINITE_RECURSION = YES;
				CLANG_WARN_INT_CONVERSION = YES;
				CLANG_WARN_NON_LITERAL_NULL_CONVERSION = YES;
				CLANG_WARN_OBJC_IMPLICIT_RETAIN_SELF = YES;
				CLANG_WARN_OBJC_LITERAL_CONVERSION = YES;
				CLANG_WARN_OBJC_ROOT_CLASS = YES_ERROR;
				CLANG_WARN_RANGE_LOOP_ANALYSIS = YES;
				CLANG_WARN_STRICT_PROTOTYPES = YES;
				CLANG_WARN_SUSPICIOUS_MOVE = YES;
				CLANG_WARN_UNGUARDED_AVAILABILITY = YES_AGGRESSIVE;
				CLANG_WARN_UNREACHABLE_CODE = YES;
				CLANG_WARN__DUPLICATE_METHOD_MATCH = YES;
				COPY_PHASE_STRIP = NO;
				DEBUG_INFORMATION_FORMAT = dwarf;
				ENABLE_STRICT_OBJC_MSGSEND = YES;
				ENABLE_TESTABILITY = YES;
				GCC_C_LANGUAGE_STANDARD = gnu11;
				GCC_DYNAMIC_NO_PIC = NO;
				GCC_NO_COMMON_BLOCKS = YES;
				GCC_OPTIMIZATION_LEVEL = 0;
				GCC_PREPROCESSOR_DEFINITIONS = (
					"DEBUG=1",
					"$(inherited)",
				);
				GCC_WARN_64_TO_32_BIT_CONVERSION = YES;
				GCC_WARN_ABOUT_RETURN_TYPE = YES_ERROR;
				GCC_WARN_UNDECLARED_SELECTOR = YES;
				GCC_WARN_UNINITIALIZED_AUTOS = YES_AGGRESSIVE;
				GCC_WARN_UNUSED_FUNCTION = YES;
				GCC_WARN_UNUSED_VARIABLE = YES;
				MACOSX_DEPLOYMENT_TARGET = 10.14;
				MTL_ENABLE_DEBUG_INFO = INCLUDE_SOURCE;
				MTL_FAST_MATH = YES;
				ONLY_ACTIVE_ARCH = YES;
				SDKROOT = macosx;
			};
			name = Debug;
		};
		5E79BCC92594DDF500B79CC3 /* Release */ = {
			isa = XCBuildConfiguration;
			baseConfigurationReference = 5EA187802594F406003153A1 /* Config.xcconfig */;
			buildSettings = {
				ALWAYS_SEARCH_USER_PATHS = NO;
				CLANG_ANALYZER_NONNULL = YES;
				CLANG_ANALYZER_NUMBER_OBJECT_CONVERSION = YES_AGGRESSIVE;
				CLANG_CXX_LANGUAGE_STANDARD = "gnu++14";
				CLANG_CXX_LIBRARY = "libc++";
				CLANG_ENABLE_MODULES = YES;
				CLANG_ENABLE_OBJC_ARC = YES;
				CLANG_ENABLE_OBJC_WEAK = YES;
				CLANG_WARN_BLOCK_CAPTURE_AUTORELEASING = YES;
				CLANG_WARN_BOOL_CONVERSION = YES;
				CLANG_WARN_COMMA = YES;
				CLANG_WARN_CONSTANT_CONVERSION = YES;
				CLANG_WARN_DEPRECATED_OBJC_IMPLEMENTATIONS = YES;
				CLANG_WARN_DIRECT_OBJC_ISA_USAGE = YES_ERROR;
				CLANG_WARN_DOCUMENTATION_COMMENTS = YES;
				CLANG_WARN_EMPTY_BODY = YES;
				CLANG_WARN_ENUM_CONVERSION = YES;
				CLANG_WARN_INFINITE_RECURSION = YES;
				CLANG_WARN_INT_CONVERSION = YES;
				CLANG_WARN_NON_LITERAL_NULL_CONVERSION = YES;
				CLANG_WARN_OBJC_IMPLICIT_RETAIN_SELF = YES;
				CLANG_WARN_OBJC_LITERAL_CONVERSION = YES;
				CLANG_WARN_OBJC_ROOT_CLASS = YES_ERROR;
				CLANG_WARN_RANGE_LOOP_ANALYSIS = YES;
				CLANG_WARN_STRICT_PROTOTYPES = YES;
				CLANG_WARN_SUSPICIOUS_MOVE = YES;
				CLANG_WARN_UNGUARDED_AVAILABILITY = YES_AGGRESSIVE;
				CLANG_WARN_UNREACHABLE_CODE = YES;
				CLANG_WARN__DUPLICATE_METHOD_MATCH = YES;
				COPY_PHASE_STRIP = NO;
				DEBUG_INFORMATION_FORMAT = "dwarf-with-dsym";
				ENABLE_NS_ASSERTIONS = NO;
				ENABLE_STRICT_OBJC_MSGSEND = YES;
				GCC_C_LANGUAGE_STANDARD = gnu11;
				GCC_NO_COMMON_BLOCKS = YES;
				GCC_WARN_64_TO_32_BIT_CONVERSION = YES;
				GCC_WARN_ABOUT_RETURN_TYPE = YES_ERROR;
				GCC_WARN_UNDECLARED_SELECTOR = YES;
				GCC_WARN_UNINITIALIZED_AUTOS = YES_AGGRESSIVE;
				GCC_WARN_UNUSED_FUNCTION = YES;
				GCC_WARN_UNUSED_VARIABLE = YES;
				MACOSX_DEPLOYMENT_TARGET = 10.14;
				MTL_ENABLE_DEBUG_INFO = NO;
				MTL_FAST_MATH = YES;
				SDKROOT = macosx;
			};
			name = Release;
		};
		5E79BCD72594E38D00B79CC3 /* Debug */ = {
			isa = XCBuildConfiguration;
			baseConfigurationReference = 5EA187802594F406003153A1 /* Config.xcconfig */;
			buildSettings = {
				CODE_SIGN_STYLE = Automatic;
				DSTROOT = "/tmp/$(PROJECT_NAME).dst";
				FRAMEWORK_SEARCH_PATHS = (
					"$(inherited)",
					"$(PROJECT_DIR)/ThirdParty",
				);
				HEADER_SEARCH_PATHS = "$(PROJECT_DIR)/ThirdParty/SDL2.framework/Headers/";
				INSTALL_PATH = /usr/local/bin;
				PRODUCT_NAME = "$(TARGET_NAME)";
			};
			name = Debug;
		};
		5E79BCD82594E38D00B79CC3 /* Release */ = {
			isa = XCBuildConfiguration;
			baseConfigurationReference = 5EA187802594F406003153A1 /* Config.xcconfig */;
			buildSettings = {
				CODE_SIGN_STYLE = Automatic;
				DSTROOT = "/tmp/$(PROJECT_NAME).dst";
				FRAMEWORK_SEARCH_PATHS = (
					"$(inherited)",
					"$(PROJECT_DIR)/ThirdParty",
				);
				HEADER_SEARCH_PATHS = "$(PROJECT_DIR)/ThirdParty/SDL2.framework/Headers/";
				INSTALL_PATH = /usr/local/bin;
				PRODUCT_NAME = "$(TARGET_NAME)";
			};
			name = Release;
		};
		5E79BCE22594E46C00B79CC3 /* Debug */ = {
			isa = XCBuildConfiguration;
			baseConfigurationReference = 5EA187802594F406003153A1 /* Config.xcconfig */;
			buildSettings = {
				CODE_SIGN_STYLE = Automatic;
				FRAMEWORK_SEARCH_PATHS = (
					"$(inherited)",
					"$(PROJECT_DIR)/ThirdParty",
				);
				HEADER_SEARCH_PATHS = "$(PROJECT_DIR)/ThirdParty/SDL2.framework/Headers/";
				PRODUCT_NAME = "$(TARGET_NAME)";
			};
			name = Debug;
		};
		5E79BCE32594E46C00B79CC3 /* Release */ = {
			isa = XCBuildConfiguration;
			baseConfigurationReference = 5EA187802594F406003153A1 /* Config.xcconfig */;
			buildSettings = {
				CODE_SIGN_STYLE = Automatic;
				FRAMEWORK_SEARCH_PATHS = (
					"$(inherited)",
					"$(PROJECT_DIR)/ThirdParty",
				);
				HEADER_SEARCH_PATHS = "$(PROJECT_DIR)/ThirdParty/SDL2.framework/Headers/";
				PRODUCT_NAME = "$(TARGET_NAME)";
			};
			name = Release;
		};
		5EA6AF3725979B5A00FC6949 /* Debug */ = {
			isa = XCBuildConfiguration;
			buildSettings = {
				CODE_SIGN_STYLE = Automatic;
				FRAMEWORK_SEARCH_PATHS = (
					"$(inherited)",
					"$(PROJECT_DIR)/ThirdParty",
				);
				HEADER_SEARCH_PATHS = (
					"$(PROJECT_DIR)/ThirdParty/SDL2.framework/Headers/",
					"$(PROJECT_DIR)/ThirdParty/SDL2_image.framework/Headers/",
				);
				PRODUCT_NAME = "$(TARGET_NAME)";
			};
			name = Debug;
		};
		5EA6AF3825979B5A00FC6949 /* Release */ = {
			isa = XCBuildConfiguration;
			buildSettings = {
				CODE_SIGN_STYLE = Automatic;
				FRAMEWORK_SEARCH_PATHS = (
					"$(inherited)",
					"$(PROJECT_DIR)/ThirdParty",
				);
				HEADER_SEARCH_PATHS = (
					"$(PROJECT_DIR)/ThirdParty/SDL2.framework/Headers/",
					"$(PROJECT_DIR)/ThirdParty/SDL2_image.framework/Headers/",
				);
				PRODUCT_NAME = "$(TARGET_NAME)";
			};
			name = Release;
		};
		5EA6AF4325979B7E00FC6949 /* Debug */ = {
			isa = XCBuildConfiguration;
			buildSettings = {
				CODE_SIGN_STYLE = Automatic;
				FRAMEWORK_SEARCH_PATHS = (
					"$(inherited)",
					"$(PROJECT_DIR)/ThirdParty",
				);
				HEADER_SEARCH_PATHS = (
					"$(PROJECT_DIR)/ThirdParty/SDL2.framework/Headers/",
					"$(PROJECT_DIR)/ThirdParty/SDL2_image.framework/Headers/",
				);
				PRODUCT_NAME = "$(TARGET_NAME)";
			};
			name = Debug;
		};
		5EA6AF4425979B7E00FC6949 /* Release */ = {
			isa = XCBuildConfiguration;
			buildSettings = {
				CODE_SIGN_STYLE = Automatic;
				FRAMEWORK_SEARCH_PATHS = (
					"$(inherited)",
					"$(PROJECT_DIR)/ThirdParty",
				);
				HEADER_SEARCH_PATHS = (
					"$(PROJECT_DIR)/ThirdParty/SDL2.framework/Headers/",
					"$(PROJECT_DIR)/ThirdParty/SDL2_image.framework/Headers/",
				);
				PRODUCT_NAME = "$(TARGET_NAME)";
			};
			name = Release;
		};
		5EA6AF4E25979B9900FC6949 /* Debug */ = {
			isa = XCBuildConfiguration;
			buildSettings = {
				CODE_SIGN_STYLE = Automatic;
				PRODUCT_NAME = "$(TARGET_NAME)";
			};
			name = Debug;
		};
		5EA6AF4F25979B9900FC6949 /* Release */ = {
			isa = XCBuildConfiguration;
			buildSettings = {
				CODE_SIGN_STYLE = Automatic;
				PRODUCT_NAME = "$(TARGET_NAME)";
			};
			name = Release;
		};
/* End XCBuildConfiguration section */

/* Begin XCConfigurationList section */
		5E72024B2596481B0050E871 /* Build configuration list for PBXNativeTarget "Sprites" */ = {
			isa = XCConfigurationList;
			buildConfigurations = (
				5E7202492596481B0050E871 /* Debug */,
				5E72024A2596481B0050E871 /* Release */,
			);
			defaultConfigurationIsVisible = 0;
			defaultConfigurationName = Release;
		};
		5E79BCBE2594DDF500B79CC3 /* Build configuration list for PBXProject "GameProjects" */ = {
			isa = XCConfigurationList;
			buildConfigurations = (
				5E79BCC82594DDF500B79CC3 /* Debug */,
				5E79BCC92594DDF500B79CC3 /* Release */,
			);
			defaultConfigurationIsVisible = 0;
			defaultConfigurationName = Release;
		};
		5E79BCD62594E38D00B79CC3 /* Build configuration list for PBXNativeTarget "PingPong" */ = {
			isa = XCConfigurationList;
			buildConfigurations = (
				5E79BCD72594E38D00B79CC3 /* Debug */,
				5E79BCD82594E38D00B79CC3 /* Release */,
			);
			defaultConfigurationIsVisible = 0;
			defaultConfigurationName = Release;
		};
		5E79BCE12594E46C00B79CC3 /* Build configuration list for PBXNativeTarget "GameEnvironment" */ = {
			isa = XCConfigurationList;
			buildConfigurations = (
				5E79BCE22594E46C00B79CC3 /* Debug */,
				5E79BCE32594E46C00B79CC3 /* Release */,
			);
			defaultConfigurationIsVisible = 0;
			defaultConfigurationName = Release;
		};
		5EA6AF3925979B5A00FC6949 /* Build configuration list for PBXNativeTarget "BasicPhysics" */ = {
			isa = XCConfigurationList;
			buildConfigurations = (
				5EA6AF3725979B5A00FC6949 /* Debug */,
				5EA6AF3825979B5A00FC6949 /* Release */,
			);
			defaultConfigurationIsVisible = 0;
			defaultConfigurationName = Release;
		};
		5EA6AF4225979B7E00FC6949 /* Build configuration list for PBXNativeTarget "GameAI" */ = {
			isa = XCConfigurationList;
			buildConfigurations = (
				5EA6AF4325979B7E00FC6949 /* Debug */,
				5EA6AF4425979B7E00FC6949 /* Release */,
			);
			defaultConfigurationIsVisible = 0;
			defaultConfigurationName = Release;
		};
		5EA6AF4D25979B9900FC6949 /* Build configuration list for PBXNativeTarget "OpenGL" */ = {
			isa = XCConfigurationList;
			buildConfigurations = (
				5EA6AF4E25979B9900FC6949 /* Debug */,
				5EA6AF4F25979B9900FC6949 /* Release */,
			);
			defaultConfigurationIsVisible = 0;
			defaultConfigurationName = Release;
		};
/* End XCConfigurationList section */
	};
	rootObject = 5E79BCBB2594DDF500B79CC3 /* Project object */;
}
